Microsoft Visual Studio Solution File, Format Version 11.00
# Visual Studio 2008

Project("{E115429C-5ED4-9B3D-1920-92EE34B581D6}") = "Calc", "Assembly-CSharp.csproj", "{2E6A2382-728E-3251-E745-F97542FC34ED}"
EndProject
Global
	GlobalSection(SolutionConfigurationPlatforms) = preSolution
		Debug|Any CPU = Debug|Any CPU
		Release|Any CPU = Release|Any CPU
	EndGlobalSection
	GlobalSection(ProjectConfigurationPlatforms) = postSolution
		{2E6A2382-728E-3251-E745-F97542FC34ED}.Debug|Any CPU.ActiveCfg = Debug|Any CPU
		{2E6A2382-728E-3251-E745-F97542FC34ED}.Debug|Any CPU.Build.0 = Debug|Any CPU
		{2E6A2382-728E-3251-E745-F97542FC34ED}.Release|Any CPU.ActiveCfg = Release|Any CPU
		{2E6A2382-728E-3251-E745-F97542FC34ED}.Release|Any CPU.Build.0 = Release|Any CPU
	EndGlobalSection
	GlobalSection(SolutionProperties) = preSolution
		HideSolutionNode = FALSE
	EndGlobalSection
	GlobalSection(MonoDevelopProperties) = preSolution
		StartupItem = Assembly-CSharp.csproj
	EndGlobalSection
EndGlobal
